
Microsoft Visual Studio Solution File, Format Version 12.00
Project("{FAE04EC0-301F-11D3-BF4B-00C04F79EFBC}") = "SampleWebApp", "SampleWebApp\SampleWebApp.csproj", "{718D78F5-F9F5-4CF6-9866-5A114F7F2DE9}"
EndProject
Project("{FAE04EC0-301F-11D3-BF4B-00C04F79EFBC}") = "PDFIdentify", "PDFIdentify\PDFIdentify.csproj", "{01914F29-05B5-4BD0-A685-A027F28BBD7B}"
EndProject
Global
	GlobalSection(SolutionConfigurationPlatforms) = preSolution
		Debug|Any CPU = Debug|Any CPU
		Release|Any CPU = Release|Any CPU
	EndGlobalSection
	GlobalSection(ProjectConfigurationPlatforms) = postSolution
		{718D78F5-F9F5-4CF6-9866-5A114F7F2DE9}.Debug|Any CPU.ActiveCfg = Debug|Any CPU
		{718D78F5-F9F5-4CF6-9866-5A114F7F2DE9}.Debug|Any CPU.Build.0 = Debug|Any CPU
		{718D78F5-F9F5-4CF6-9866-5A114F7F2DE9}.Release|Any CPU.ActiveCfg = Release|Any CPU
		{718D78F5-F9F5-4CF6-9866-5A114F7F2DE9}.Release|Any CPU.Build.0 = Release|Any CPU
		{01914F29-05B5-4BD0-A685-A027F28BBD7B}.Debug|Any CPU.ActiveCfg = Debug|Any CPU
		{01914F29-05B5-4BD0-A685-A027F28BBD7B}.Debug|Any CPU.Build.0 = Debug|Any CPU
		{01914F29-05B5-4BD0-A685-A027F28BBD7B}.Release|Any CPU.ActiveCfg = Release|Any CPU
		{01914F29-05B5-4BD0-A685-A027F28BBD7B}.Release|Any CPU.Build.0 = Release|Any CPU
	EndGlobalSection
EndGlobal
